{
  "name": "pkinoc",
  "version": "1.0.0",
  "lockfileVersion": 1,
  "requires": true,
  "dependencies": {
    "dom-to-image": {
      "version": "2.6.0",
      "resolved": "https://registry.npmjs.org/dom-to-image/-/dom-to-image-2.6.0.tgz",
      "integrity": "sha1-ilA2CAiMh7HCL5A0rgMuGJiVWGc="
    },
    "file-saver": {
      "version": "1.3.3",
      "resolved": "https://registry.npmjs.org/file-saver/-/file-saver-1.3.3.tgz",
      "integrity": "sha1-zdTETTqiZOrC9o7BZbx5HDSvEjI="
    },
    "highlight.js": {
      "version": "9.12.0",
      "resolved": "https://registry.npmjs.org/highlight.js/-/highlight.js-9.12.0.tgz",
      "integrity": "sha1-5tnb5Xy+/mB1HwKvM2GVhwyQwB4="
    },
    "jquery": {
      "version": "3.3.1",
      "resolved": "https://registry.npmjs.org/jquery/-/jquery-3.3.1.tgz",
      "integrity": "sha512-Ubldcmxp5np52/ENotGxlLe6aGMvmF4R8S6tZjsP6Knsaxd/xp3Zrh50cG93lR6nPXyUFwzN3ZSOQI0wRJNdGg=="
    },
    "jsbarcode": {
      "version": "3.8.0",
      "resolved": "https://registry.npmjs.org/jsbarcode/-/jsbarcode-3.8.0.tgz",
      "integrity": "sha1-opA3mnRJ+5J/JtJrMZwkvy3ryPw="
    },
    "moment": {
      "version": "2.20.1",
      "resolved": "https://registry.npmjs.org/moment/-/moment-2.20.1.tgz",
      "integrity": "sha512-Yh9y73JRljxW5QxN08Fner68eFLxM5ynNOAw2LbIB1YAGeQzZT8QFSUvkAz609Zf+IHhhaUxqZK8dG3W/+HEvg=="
    },
    "siimple": {
      "version": "3.0.0",
      "resolved": "https://registry.npmjs.org/siimple/-/siimple-3.0.0.tgz",
      "integrity": "sha512-pANfEAV4ZzohtOu3RkZJsaM19u9ea0IFsOKY4mgwTPX/drqk4q5ozljKaBthYbZx8zQpo5J+BtufrUQd4S88Eg==",
      "requires": {
        "siimple-colors": "0.2.0"
      }
    },
    "siimple-colors": {
      "version": "0.2.0",
      "resolved": "https://registry.npmjs.org/siimple-colors/-/siimple-colors-0.2.0.tgz",
      "integrity": "sha512-OX8047boLkCvtjNkRL9pHc/E6vOvjagesfR9aqf0fkuqr0KzGoSdaUPGemBQYWEVJZP1kBwprGjhzVQnrDd40w=="
    }
  }
}
